
Microsoft Visual Studio Solution File, Format Version 12.00
# Visual Studio 15
VisualStudioVersion = 15.0.28010.2019
MinimumVisualStudioVersion = 10.0.40219.1
Project("{FAE04EC0-301F-11D3-BF4B-00C04F79EFBC}") = "TakeCare.Droid.Android", "TakeCare.Droid\TakeCare.Droid.Android\TakeCare.Droid.Android.csproj", "{4DBD4A6D-89C3-488A-B05C-3477A82D0BCF}"
EndProject
Project("{9A19103F-16F7-4668-BE54-9A1E7A4F7556}") = "TakeCare.Droid", "TakeCare.Droid\TakeCare.Droid\TakeCare.Droid.csproj", "{863B3433-7F44-4355-8BE3-B8FFCF7C1451}"
EndProject
Global
	GlobalSection(SolutionConfigurationPlatforms) = preSolution
		Debug|Any CPU = Debug|Any CPU
		Release|Any CPU = Release|Any CPU
	EndGlobalSection
	GlobalSection(ProjectConfigurationPlatforms) = postSolution
		{4DBD4A6D-89C3-488A-B05C-3477A82D0BCF}.Debug|Any CPU.ActiveCfg = Debug|Any CPU
		{4DBD4A6D-89C3-488A-B05C-3477A82D0BCF}.Debug|Any CPU.Build.0 = Debug|Any CPU
		{4DBD4A6D-89C3-488A-B05C-3477A82D0BCF}.Debug|Any CPU.Deploy.0 = Debug|Any CPU
		{4DBD4A6D-89C3-488A-B05C-3477A82D0BCF}.Release|Any CPU.ActiveCfg = Release|Any CPU
		{4DBD4A6D-89C3-488A-B05C-3477A82D0BCF}.Release|Any CPU.Build.0 = Release|Any CPU
		{4DBD4A6D-89C3-488A-B05C-3477A82D0BCF}.Release|Any CPU.Deploy.0 = Release|Any CPU
		{863B3433-7F44-4355-8BE3-B8FFCF7C1451}.Debug|Any CPU.ActiveCfg = Debug|Any CPU
		{863B3433-7F44-4355-8BE3-B8FFCF7C1451}.Debug|Any CPU.Build.0 = Debug|Any CPU
		{863B3433-7F44-4355-8BE3-B8FFCF7C1451}.Release|Any CPU.ActiveCfg = Release|Any CPU
		{863B3433-7F44-4355-8BE3-B8FFCF7C1451}.Release|Any CPU.Build.0 = Release|Any CPU
	EndGlobalSection
	GlobalSection(SolutionProperties) = preSolution
		HideSolutionNode = FALSE
	EndGlobalSection
	GlobalSection(ExtensibilityGlobals) = postSolution
		SolutionGuid = {00911500-D6F4-4496-878E-3AB00BC23291}
	EndGlobalSection
EndGlobal
